// !$*UTF8*$!
{
	archiveVersion = 1;
	classes = {
	};
	objectVersion = 46;
	objects = {

/* Begin PBXBuildFile section */
		E3C1D3831A093BDD00A60692 /* main.m in Sources */ = {isa = PBXBuildFile; fileRef = E3C1D3821A093BDD00A60692 /* main.m */; };
		E3C1D3861A093BDD00A60692 /* AppDelegate.m in Sources */ = {isa = PBXBuildFile; fileRef = E3C1D3851A093BDD00A60692 /* AppDelegate.m */; };
		E3C1D3891A093BDD00A60692 /* NNZ.xcdatamodeld in Sources */ = {isa = PBXBuildFile; fileRef = E3C1D3871A093BDD00A60692 /* NNZ.xcdatamodeld */; };
		E3C1D38C1A093BDD00A60692 /* ViewController.m in Sources */ = {isa = PBXBuildFile; fileRef = E3C1D38B1A093BDD00A60692 /* ViewController.m */; };
		E3C1D38F1A093BDD00A60692 /* Main.storyboard in Resources */ = {isa = PBXBuildFile; fileRef = E3C1D38D1A093BDD00A60692 /* Main.storyboard */; };
		E3C1D3911A093BDD00A60692 /* Images.xcassets in Resources */ = {isa = PBXBuildFile; fileRef = E3C1D3901A093BDD00A60692 /* Images.xcassets */; };
		E3C1D3941A093BDD00A60692 /* LaunchScreen.xib in Resources */ = {isa = PBXBuildFile; fileRef = E3C1D3921A093BDD00A60692 /* LaunchScreen.xib */; };
		E3C1D3A01A093BDD00A60692 /* NNZTests.m in Sources */ = {isa = PBXBuildFile; fileRef = E3C1D39F1A093BDD00A60692 /* NNZTests.m */; };
		E3C1D3AA1A0A4C4D00A60692 /* NNZ.plist in Resources */ = {isa = PBXBuildFile; fileRef = E3C1D3A91A0A4C4D00A60692 /* NNZ.plist */; };
		E3DAADCA1A105AE2002A792C /* jal_logo.png in Resources */ = {isa = PBXBuildFile; fileRef = E3DAADC91A105AE2002A792C /* jal_logo.png */; };
		E3DAADCD1A105D8F002A792C /* VersionViewController.m in Sources */ = {isa = PBXBuildFile; fileRef = E3DAADCC1A105D8F002A792C /* VersionViewController.m */; };
		E3DAADD61A10653E002A792C /* CoreLocation.framework in Frameworks */ = {isa = PBXBuildFile; fileRef = E3DAADD51A10653E002A792C /* CoreLocation.framework */; };
		E3DAADD91A10BD75002A792C /* LicenseTableViewController.m in Sources */ = {isa = PBXBuildFile; fileRef = E3DAADD81A10BD75002A792C /* LicenseTableViewController.m */; };
		E3DAADDC1A10C2E8002A792C /* IntervalTableViewController.m in Sources */ = {isa = PBXBuildFile; fileRef = E3DAADDB1A10C2E8002A792C /* IntervalTableViewController.m */; };
		E3DAADDF1A10C2FF002A792C /* AccuracyTableViewController.m in Sources */ = {isa = PBXBuildFile; fileRef = E3DAADDE1A10C2FF002A792C /* AccuracyTableViewController.m */; };
		E3DAADE41A10E296002A792C /* CommunicationViewController.m in Sources */ = {isa = PBXBuildFile; fileRef = E3DAADE31A10E296002A792C /* CommunicationViewController.m */; };
		E3DAADE71A10ECD2002A792C /* SettingTableViewController.m in Sources */ = {isa = PBXBuildFile; fileRef = E3DAADE61A10ECD2002A792C /* SettingTableViewController.m */; };
		E3DAADE91A10FB2B002A792C /* Settings.bundle in Resources */ = {isa = PBXBuildFile; fileRef = E3DAADE81A10FB2B002A792C /* Settings.bundle */; };
		E3DAADEC1A10FFEF002A792C /* XMLParser.m in Sources */ = {isa = PBXBuildFile; fileRef = E3DAADEB1A10FFEF002A792C /* XMLParser.m */; };
		E3DAADEF1A110397002A792C /* FlightTableViewController.m in Sources */ = {isa = PBXBuildFile; fileRef = E3DAADEE1A110397002A792C /* FlightTableViewController.m */; };
/* End PBXBuildFile section */

/* Begin PBXContainerItemProxy section */
		E3C1D39A1A093BDD00A60692 /* PBXContainerItemProxy */ = {
			isa = PBXContainerItemProxy;
			containerPortal = E3C1D3751A093BDD00A60692 /* Project object */;
			proxyType = 1;
			remoteGlobalIDString = E3C1D37C1A093BDD00A60692;
			remoteInfo = NNZ;
		};
/* End PBXContainerItemProxy section */

/* Begin PBXFileReference section */
		E3C1D37D1A093BDD00A60692 /* NNZ.app */ = {isa = PBXFileReference; explicitFileType = wrapper.application; includeInIndex = 0; path = NNZ.app; sourceTree = BUILT_PRODUCTS_DIR; };
		E3C1D3811A093BDD00A60692 /* Info.plist */ = {isa = PBXFileReference; lastKnownFileType = text.plist.xml; path = Info.plist; sourceTree = "<group>"; };
		E3C1D3821A093BDD00A60692 /* main.m */ = {isa = PBXFileReference; lastKnownFileType = sourcecode.c.objc; path = main.m; sourceTree = "<group>"; };
		E3C1D3841A093BDD00A60692 /* AppDelegate.h */ = {isa = PBXFileReference; lastKnownFileType = sourcecode.c.h; path = AppDelegate.h; sourceTree = "<group>"; };
		E3C1D3851A093BDD00A60692 /* AppDelegate.m */ = {isa = PBXFileReference; lastKnownFileType = sourcecode.c.objc; path = AppDelegate.m; sourceTree = "<group>"; };
		E3C1D3881A093BDD00A60692 /* NNZ.xcdatamodel */ = {isa = PBXFileReference; lastKnownFileType = wrapper.xcdatamodel; path = NNZ.xcdatamodel; sourceTree = "<group>"; };
		E3C1D38A1A093BDD00A60692 /* ViewController.h */ = {isa = PBXFileReference; lastKnownFileType = sourcecode.c.h; path = ViewController.h; sourceTree = "<group>"; };
		E3C1D38B1A093BDD00A60692 /* ViewController.m */ = {isa = PBXFileReference; lastKnownFileType = sourcecode.c.objc; path = ViewController.m; sourceTree = "<group>"; };
		E3C1D38E1A093BDD00A60692 /* Base */ = {isa = PBXFileReference; lastKnownFileType = file.storyboard; name = Base; path = Base.lproj/Main.storyboard; sourceTree = "<group>"; };
		E3C1D3901A093BDD00A60692 /* Images.xcassets */ = {isa = PBXFileReference; lastKnownFileType = folder.assetcatalog; path = Images.xcassets; sourceTree = "<group>"; };
		E3C1D3931A093BDD00A60692 /* Base */ = {isa = PBXFileReference; lastKnownFileType = file.xib; name = Base; path = Base.lproj/LaunchScreen.xib; sourceTree = "<group>"; };
		E3C1D3991A093BDD00A60692 /* NNZTests.xctest */ = {isa = PBXFileReference; explicitFileType = wrapper.cfbundle; includeInIndex = 0; path = NNZTests.xctest; sourceTree = BUILT_PRODUCTS_DIR; };
		E3C1D39E1A093BDD00A60692 /* Info.plist */ = {isa = PBXFileReference; lastKnownFileType = text.plist.xml; path = Info.plist; sourceTree = "<group>"; };
		E3C1D39F1A093BDD00A60692 /* NNZTests.m */ = {isa = PBXFileReference; lastKnownFileType = sourcecode.c.objc; path = NNZTests.m; sourceTree = "<group>"; };
		E3C1D3A91A0A4C4D00A60692 /* NNZ.plist */ = {isa = PBXFileReference; fileEncoding = 4; lastKnownFileType = text.plist.xml; path = NNZ.plist; sourceTree = "<group>"; };
		E3DAADC91A105AE2002A792C /* jal_logo.png */ = {isa = PBXFileReference; lastKnownFileType = image.png; path = jal_logo.png; sourceTree = SOURCE_ROOT; };
		E3DAADCB1A105D8F002A792C /* VersionViewController.h */ = {isa = PBXFileReference; fileEncoding = 4; lastKnownFileType = sourcecode.c.h; path = VersionViewController.h; sourceTree = "<group>"; };
		E3DAADCC1A105D8F002A792C /* VersionViewController.m */ = {isa = PBXFileReference; fileEncoding = 4; lastKnownFileType = sourcecode.c.objc; path = VersionViewController.m; sourceTree = "<group>"; };
		E3DAADD51A10653E002A792C /* CoreLocation.framework */ = {isa = PBXFileReference; lastKnownFileType = wrapper.framework; name = CoreLocation.framework; path = System/Library/Frameworks/CoreLocation.framework; sourceTree = SDKROOT; };
		E3DAADD71A10BD75002A792C /* LicenseTableViewController.h */ = {isa = PBXFileReference; fileEncoding = 4; lastKnownFileType = sourcecode.c.h; path = LicenseTableViewController.h; sourceTree = "<group>"; };
		E3DAADD81A10BD75002A792C /* LicenseTableViewController.m */ = {isa = PBXFileReference; fileEncoding = 4; lastKnownFileType = sourcecode.c.objc; path = LicenseTableViewController.m; sourceTree = "<group>"; };
		E3DAADDA1A10C2E8002A792C /* IntervalTableViewController.h */ = {isa = PBXFileReference; fileEncoding = 4; lastKnownFileType = sourcecode.c.h; path = IntervalTableViewController.h; sourceTree = "<group>"; };
		E3DAADDB1A10C2E8002A792C /* IntervalTableViewController.m */ = {isa = PBXFileReference; fileEncoding = 4; lastKnownFileType = sourcecode.c.objc; path = IntervalTableViewController.m; sourceTree = "<group>"; };
		E3DAADDD1A10C2FF002A792C /* AccuracyTableViewController.h */ = {isa = PBXFileReference; fileEncoding = 4; lastKnownFileType = sourcecode.c.h; path = AccuracyTableViewController.h; sourceTree = "<group>"; };
		E3DAADDE1A10C2FF002A792C /* AccuracyTableViewController.m */ = {isa = PBXFileReference; fileEncoding = 4; lastKnownFileType = sourcecode.c.objc; path = AccuracyTableViewController.m; sourceTree = "<group>"; };
		E3DAADE21A10E296002A792C /* CommunicationViewController.h */ = {isa = PBXFileReference; fileEncoding = 4; lastKnownFileType = sourcecode.c.h; path = CommunicationViewController.h; sourceTree = "<group>"; };
		E3DAADE31A10E296002A792C /* CommunicationViewController.m */ = {isa = PBXFileReference; fileEncoding = 4; lastKnownFileType = sourcecode.c.objc; path = CommunicationViewController.m; sourceTree = "<group>"; };
		E3DAADE51A10ECD2002A792C /* SettingTableViewController.h */ = {isa = PBXFileReference; fileEncoding = 4; lastKnownFileType = sourcecode.c.h; path = SettingTableViewController.h; sourceTree = "<group>"; };
		E3DAADE61A10ECD2002A792C /* SettingTableViewController.m */ = {isa = PBXFileReference; fileEncoding = 4; lastKnownFileType = sourcecode.c.objc; path = SettingTableViewController.m; sourceTree = "<group>"; };
		E3DAADE81A10FB2B002A792C /* Settings.bundle */ = {isa = PBXFileReference; lastKnownFileType = "wrapper.plug-in"; path = Settings.bundle; sourceTree = "<group>"; };
		E3DAADEA1A10FFEF002A792C /* XMLParser.h */ = {isa = PBXFileReference; fileEncoding = 4; lastKnownFileType = sourcecode.c.h; path = XMLParser.h; sourceTree = "<group>"; };
		E3DAADEB1A10FFEF002A792C /* XMLParser.m */ = {isa = PBXFileReference; fileEncoding = 4; lastKnownFileType = sourcecode.c.objc; path = XMLParser.m; sourceTree = "<group>"; };
		E3DAADED1A110397002A792C /* FlightTableViewController.h */ = {isa = PBXFileReference; fileEncoding = 4; lastKnownFileType = sourcecode.c.h; path = FlightTableViewController.h; sourceTree = "<group>"; };
		E3DAADEE1A110397002A792C /* FlightTableViewController.m */ = {isa = PBXFileReference; fileEncoding = 4; lastKnownFileType = sourcecode.c.objc; path = FlightTableViewController.m; sourceTree = "<group>"; };
/* End PBXFileReference section */

/* Begin PBXFrameworksBuildPhase section */
		E3C1D37A1A093BDD00A60692 /* Frameworks */ = {
			isa = PBXFrameworksBuildPhase;
			buildActionMask = 2147483647;
			files = (
				E3DAADD61A10653E002A792C /* CoreLocation.framework in Frameworks */,
			);
			runOnlyForDeploymentPostprocessing = 0;
		};
		E3C1D3961A093BDD00A60692 /* Frameworks */ = {
			isa = PBXFrameworksBuildPhase;
			buildActionMask = 2147483647;
			files = (
			);
			runOnlyForDeploymentPostprocessing = 0;
		};
/* End PBXFrameworksBuildPhase section */

/* Begin PBXGroup section */
		E3C1D3741A093BDD00A60692 = {
			isa = PBXGroup;
			children = (
				E3DAADD51A10653E002A792C /* CoreLocation.framework */,
				E3C1D37F1A093BDD00A60692 /* NNZ */,
				E3C1D39C1A093BDD00A60692 /* NNZTests */,
				E3C1D37E1A093BDD00A60692 /* Products */,
			);
			sourceTree = "<group>";
		};
		E3C1D37E1A093BDD00A60692 /* Products */ = {
			isa = PBXGroup;
			children = (
				E3C1D37D1A093BDD00A60692 /* NNZ.app */,
				E3C1D3991A093BDD00A60692 /* NNZTests.xctest */,
			);
			name = Products;
			sourceTree = "<group>";
		};
		E3C1D37F1A093BDD00A60692 /* NNZ */ = {
			isa = PBXGroup;
			children = (
				E3C1D3841A093BDD00A60692 /* AppDelegate.h */,
				E3C1D3851A093BDD00A60692 /* AppDelegate.m */,
				E3C1D38A1A093BDD00A60692 /* ViewController.h */,
				E3C1D38B1A093BDD00A60692 /* ViewController.m */,
				E3DAADE11A10D8CE002A792C /* FunctionView */,
				E3DAADEA1A10FFEF002A792C /* XMLParser.h */,
				E3DAADEB1A10FFEF002A792C /* XMLParser.m */,
				E3C1D38D1A093BDD00A60692 /* Main.storyboard */,
				E3C1D3901A093BDD00A60692 /* Images.xcassets */,
				E3C1D3921A093BDD00A60692 /* LaunchScreen.xib */,
				E3C1D3871A093BDD00A60692 /* NNZ.xcdatamodeld */,
				E3C1D3801A093BDD00A60692 /* Supporting Files */,
			);
			path = NNZ;
			sourceTree = "<group>";
		};
		E3C1D3801A093BDD00A60692 /* Supporting Files */ = {
			isa = PBXGroup;
			children = (
				E3DAADE81A10FB2B002A792C /* Settings.bundle */,
				E3DAADC91A105AE2002A792C /* jal_logo.png */,
				E3C1D3811A093BDD00A60692 /* Info.plist */,
				E3C1D3821A093BDD00A60692 /* main.m */,
				E3C1D3A91A0A4C4D00A60692 /* NNZ.plist */,
			);
			name = "Supporting Files";
			sourceTree = "<group>";
		};
		E3C1D39C1A093BDD00A60692 /* NNZTests */ = {
			isa = PBXGroup;
			children = (
				E3C1D39F1A093BDD00A60692 /* NNZTests.m */,
				E3C1D39D1A093BDD00A60692 /* Supporting Files */,
			);
			path = NNZTests;
			sourceTree = "<group>";
		};
		E3C1D39D1A093BDD00A60692 /* Supporting Files */ = {
			isa = PBXGroup;
			children = (
				E3C1D39E1A093BDD00A60692 /* Info.plist */,
			);
			name = "Supporting Files";
			sourceTree = "<group>";
		};
		E3DAADE01A10D8A4002A792C /* SettingTableView */ = {
			isa = PBXGroup;
			children = (
				E3DAADD71A10BD75002A792C /* LicenseTableViewController.h */,
				E3DAADD81A10BD75002A792C /* LicenseTableViewController.m */,
				E3DAADED1A110397002A792C /* FlightTableViewController.h */,
				E3DAADEE1A110397002A792C /* FlightTableViewController.m */,
				E3DAADDA1A10C2E8002A792C /* IntervalTableViewController.h */,
				E3DAADDB1A10C2E8002A792C /* IntervalTableViewController.m */,
				E3DAADDD1A10C2FF002A792C /* AccuracyTableViewController.h */,
				E3DAADDE1A10C2FF002A792C /* AccuracyTableViewController.m */,
			);
			name = SettingTableView;
			sourceTree = "<group>";
		};
		E3DAADE11A10D8CE002A792C /* FunctionView */ = {
			isa = PBXGroup;
			children = (
				E3DAADCB1A105D8F002A792C /* VersionViewController.h */,
				E3DAADCC1A105D8F002A792C /* VersionViewController.m */,
				E3DAADE51A10ECD2002A792C /* SettingTableViewController.h */,
				E3DAADE61A10ECD2002A792C /* SettingTableViewController.m */,
				E3DAADE01A10D8A4002A792C /* SettingTableView */,
				E3DAADE21A10E296002A792C /* CommunicationViewController.h */,
				E3DAADE31A10E296002A792C /* CommunicationViewController.m */,
			);
			name = FunctionView;
			sourceTree = "<group>";
		};
/* End PBXGroup section */

/* Begin PBXNativeTarget section */
		E3C1D37C1A093BDD00A60692 /* NNZ */ = {
			isa = PBXNativeTarget;
			buildConfigurationList = E3C1D3A31A093BDD00A60692 /* Build configuration list for PBXNativeTarget "NNZ" */;
			buildPhases = (
				E3C1D3791A093BDD00A60692 /* Sources */,
				E3C1D37A1A093BDD00A60692 /* Frameworks */,
				E3C1D37B1A093BDD00A60692 /* Resources */,
			);
			buildRules = (
			);
			dependencies = (
			);
			name = NNZ;
			productName = NNZ;
			productReference = E3C1D37D1A093BDD00A60692 /* NNZ.app */;
			productType = "com.apple.product-type.application";
		};
		E3C1D3981A093BDD00A60692 /* NNZTests */ = {
			isa = PBXNativeTarget;
			buildConfigurationList = E3C1D3A61A093BDD00A60692 /* Build configuration list for PBXNativeTarget "NNZTests" */;
			buildPhases = (
				E3C1D3951A093BDD00A60692 /* Sources */,
				E3C1D3961A093BDD00A60692 /* Frameworks */,
				E3C1D3971A093BDD00A60692 /* Resources */,
			);
			buildRules = (
			);
			dependencies = (
				E3C1D39B1A093BDD00A60692 /* PBXTargetDependency */,
			);
			name = NNZTests;
			productName = NNZTests;
			productReference = E3C1D3991A093BDD00A60692 /* NNZTests.xctest */;
			productType = "com.apple.product-type.bundle.unit-test";
		};
/* End PBXNativeTarget section */

/* Begin PBXProject section */
		E3C1D3751A093BDD00A60692 /* Project object */ = {
			isa = PBXProject;
			attributes = {
				LastUpgradeCheck = 0610;
				ORGANIZATIONNAME = skyElements;
				TargetAttributes = {
					E3C1D37C1A093BDD00A60692 = {
						CreatedOnToolsVersion = 6.1;
					};
					E3C1D3981A093BDD00A60692 = {
						CreatedOnToolsVersion = 6.1;
						TestTargetID = E3C1D37C1A093BDD00A60692;
					};
				};
			};
			buildConfigurationList = E3C1D3781A093BDD00A60692 /* Build configuration list for PBXProject "NNZ" */;
			compatibilityVersion = "Xcode 3.2";
			developmentRegion = English;
			hasScannedForEncodings = 0;
			knownRegions = (
				en,
				Base,
			);
			mainGroup = E3C1D3741A093BDD00A60692;
			productRefGroup = E3C1D37E1A093BDD00A60692 /* Products */;
			projectDirPath = "";
			projectRoot = "";
			targets = (
				E3C1D37C1A093BDD00A60692 /* NNZ */,
				E3C1D3981A093BDD00A60692 /* NNZTests */,
			);
		};
/* End PBXProject section */

/* Begin PBXResourcesBuildPhase section */
		E3C1D37B1A093BDD00A60692 /* Resources */ = {
			isa = PBXResourcesBuildPhase;
			buildActionMask = 2147483647;
			files = (
				E3C1D38F1A093BDD00A60692 /* Main.storyboard in Resources */,
				E3C1D3AA1A0A4C4D00A60692 /* NNZ.plist in Resources */,
				E3C1D3941A093BDD00A60692 /* LaunchScreen.xib in Resources */,
				E3C1D3911A093BDD00A60692 /* Images.xcassets in Resources */,
				E3DAADE91A10FB2B002A792C /* Settings.bundle in Resources */,
				E3DAADCA1A105AE2002A792C /* jal_logo.png in Resources */,
			);
			runOnlyForDeploymentPostprocessing = 0;
		};
		E3C1D3971A093BDD00A60692 /* Resources */ = {
			isa = PBXResourcesBuildPhase;
			buildActionMask = 2147483647;
			files = (
			);
			runOnlyForDeploymentPostprocessing = 0;
		};
/* End PBXResourcesBuildPhase section */

/* Begin PBXSourcesBuildPhase section */
		E3C1D3791A093BDD00A60692 /* Sources */ = {
			isa = PBXSourcesBuildPhase;
			buildActionMask = 2147483647;
			files = (
				E3DAADEC1A10FFEF002A792C /* XMLParser.m in Sources */,
				E3C1D3861A093BDD00A60692 /* AppDelegate.m in Sources */,
				E3DAADDF1A10C2FF002A792C /* AccuracyTableViewController.m in Sources */,
				E3DAADCD1A105D8F002A792C /* VersionViewController.m in Sources */,
				E3C1D3831A093BDD00A60692 /* main.m in Sources */,
				E3DAADE71A10ECD2002A792C /* SettingTableViewController.m in Sources */,
				E3DAADDC1A10C2E8002A792C /* IntervalTableViewController.m in Sources */,
				E3DAADEF1A110397002A792C /* FlightTableViewController.m in Sources */,
				E3C1D38C1A093BDD00A60692 /* ViewController.m in Sources */,
				E3DAADE41A10E296002A792C /* CommunicationViewController.m in Sources */,
				E3DAADD91A10BD75002A792C /* LicenseTableViewController.m in Sources */,
				E3C1D3891A093BDD00A60692 /* NNZ.xcdatamodeld in Sources */,
			);
			runOnlyForDeploymentPostprocessing = 0;
		};
		E3C1D3951A093BDD00A60692 /* Sources */ = {
			isa = PBXSourcesBuildPhase;
			buildActionMask = 2147483647;
			files = (
				E3C1D3A01A093BDD00A60692 /* NNZTests.m in Sources */,
			);
			runOnlyForDeploymentPostprocessing = 0;
		};
/* End PBXSourcesBuildPhase section */

/* Begin PBXTargetDependency section */
		E3C1D39B1A093BDD00A60692 /* PBXTargetDependency */ = {
			isa = PBXTargetDependency;
			target = E3C1D37C1A093BDD00A60692 /* NNZ */;
			targetProxy = E3C1D39A1A093BDD00A60692 /* PBXContainerItemProxy */;
		};
/* End PBXTargetDependency section */

/* Begin PBXVariantGroup section */
		E3C1D38D1A093BDD00A60692 /* Main.storyboard */ = {
			isa = PBXVariantGroup;
			children = (
				E3C1D38E1A093BDD00A60692 /* Base */,
			);
			name = Main.storyboard;
			sourceTree = "<group>";
		};
		E3C1D3921A093BDD00A60692 /* LaunchScreen.xib */ = {
			isa = PBXVariantGroup;
			children = (
				E3C1D3931A093BDD00A60692 /* Base */,
			);
			name = LaunchScreen.xib;
			sourceTree = "<group>";
		};
/* End PBXVariantGroup section */

/* Begin XCBuildConfiguration section */
		E3C1D3A11A093BDD00A60692 /* Debug */ = {
			isa = XCBuildConfiguration;
			buildSettings = {
				ALWAYS_SEARCH_USER_PATHS = NO;
				CLANG_CXX_LANGUAGE_STANDARD = "gnu++0x";
				CLANG_CXX_LIBRARY = "libc++";
				CLANG_ENABLE_MODULES = YES;
				CLANG_ENABLE_OBJC_ARC = YES;
				CLANG_WARN_BOOL_CONVERSION = YES;
				CLANG_WARN_CONSTANT_CONVERSION = YES;
				CLANG_WARN_DIRECT_OBJC_ISA_USAGE = YES_ERROR;
				CLANG_WARN_EMPTY_BODY = YES;
				CLANG_WARN_ENUM_CONVERSION = YES;
				CLANG_WARN_INT_CONVERSION = YES;
				CLANG_WARN_OBJC_ROOT_CLASS = YES_ERROR;
				CLANG_WARN_UNREACHABLE_CODE = YES;
				CLANG_WARN__DUPLICATE_METHOD_MATCH = YES;
				"CODE_SIGN_IDENTITY[sdk=iphoneos*]" = "iPhone Developer";
				COPY_PHASE_STRIP = NO;
				ENABLE_STRICT_OBJC_MSGSEND = YES;
				GCC_C_LANGUAGE_STANDARD = gnu99;
				GCC_DYNAMIC_NO_PIC = NO;
				GCC_OPTIMIZATION_LEVEL = 0;
				GCC_PREPROCESSOR_DEFINITIONS = (
					"DEBUG=1",
					"$(inherited)",
				);
				GCC_SYMBOLS_PRIVATE_EXTERN = NO;
				GCC_WARN_64_TO_32_BIT_CONVERSION = YES;
				GCC_WARN_ABOUT_RETURN_TYPE = YES_ERROR;
				GCC_WARN_UNDECLARED_SELECTOR = YES;
				GCC_WARN_UNINITIALIZED_AUTOS = YES_AGGRESSIVE;
				GCC_WARN_UNUSED_FUNCTION = YES;
				GCC_WARN_UNUSED_VARIABLE = YES;
				IPHONEOS_DEPLOYMENT_TARGET = 8.1;
				MTL_ENABLE_DEBUG_INFO = YES;
				ONLY_ACTIVE_ARCH = YES;
				SDKROOT = iphoneos;
				TARGETED_DEVICE_FAMILY = 2;
			};
			name = Debug;
		};
		E3C1D3A21A093BDD00A60692 /* Release */ = {
			isa = XCBuildConfiguration;
			buildSettings = {
				ALWAYS_SEARCH_USER_PATHS = NO;
				CLANG_CXX_LANGUAGE_STANDARD = "gnu++0x";
				CLANG_CXX_LIBRARY = "libc++";
				CLANG_ENABLE_MODULES = YES;
				CLANG_ENABLE_OBJC_ARC = YES;
				CLANG_WARN_BOOL_CONVERSION = YES;
				CLANG_WARN_CONSTANT_CONVERSION = YES;
				CLANG_WARN_DIRECT_OBJC_ISA_USAGE = YES_ERROR;
				CLANG_WARN_EMPTY_BODY = YES;
				CLANG_WARN_ENUM_CONVERSION = YES;
				CLANG_WARN_INT_CONVERSION = YES;
				CLANG_WARN_OBJC_ROOT_CLASS = YES_ERROR;
				CLANG_WARN_UNREACHABLE_CODE = YES;
				CLANG_WARN__DUPLICATE_METHOD_MATCH = YES;
				"CODE_SIGN_IDENTITY[sdk=iphoneos*]" = "iPhone Developer";
				COPY_PHASE_STRIP = YES;
				ENABLE_NS_ASSERTIONS = NO;
				ENABLE_STRICT_OBJC_MSGSEND = YES;
				GCC_C_LANGUAGE_STANDARD = gnu99;
				GCC_WARN_64_TO_32_BIT_CONVERSION = YES;
				GCC_WARN_ABOUT_RETURN_TYPE = YES_ERROR;
				GCC_WARN_UNDECLARED_SELECTOR = YES;
				GCC_WARN_UNINITIALIZED_AUTOS = YES_AGGRESSIVE;
				GCC_WARN_UNUSED_FUNCTION = YES;
				GCC_WARN_UNUSED_VARIABLE = YES;
				IPHONEOS_DEPLOYMENT_TARGET = 8.1;
				MTL_ENABLE_DEBUG_INFO = NO;
				SDKROOT = iphoneos;
				TARGETED_DEVICE_FAMILY = 2;
				VALIDATE_PRODUCT = YES;
			};
			name = Release;
		};
		E3C1D3A41A093BDD00A60692 /* Debug */ = {
			isa = XCBuildConfiguration;
			buildSettings = {
				ASSETCATALOG_COMPILER_APPICON_NAME = AppIcon;
				INFOPLIST_FILE = NNZ/Info.plist;
				IPHONEOS_DEPLOYMENT_TARGET = 7.1;
				LD_RUNPATH_SEARCH_PATHS = "$(inherited) @executable_path/Frameworks";
				PRODUCT_NAME = "$(TARGET_NAME)";
				PROVISIONING_PROFILE = "";
			};
			name = Debug;
		};
		E3C1D3A51A093BDD00A60692 /* Release */ = {
			isa = XCBuildConfiguration;
			buildSettings = {
				ASSETCATALOG_COMPILER_APPICON_NAME = AppIcon;
				INFOPLIST_FILE = NNZ/Info.plist;
				IPHONEOS_DEPLOYMENT_TARGET = 7.1;
				LD_RUNPATH_SEARCH_PATHS = "$(inherited) @executable_path/Frameworks";
				PRODUCT_NAME = "$(TARGET_NAME)";
				PROVISIONING_PROFILE = "";
			};
			name = Release;
		};
		E3C1D3A71A093BDD00A60692 /* Debug */ = {
			isa = XCBuildConfiguration;
			buildSettings = {
				BUNDLE_LOADER = "$(TEST_HOST)";
				FRAMEWORK_SEARCH_PATHS = (
					"$(SDKROOT)/Developer/Library/Frameworks",
					"$(inherited)",
				);
				GCC_PREPROCESSOR_DEFINITIONS = (
					"DEBUG=1",
					"$(inherited)",
				);
				INFOPLIST_FILE = NNZTests/Info.plist;
				LD_RUNPATH_SEARCH_PATHS = "$(inherited) @executable_path/Frameworks @loader_path/Frameworks";
				PRODUCT_NAME = "$(TARGET_NAME)";
				TEST_HOST = "$(BUILT_PRODUCTS_DIR)/NNZ.app/NNZ";
			};
			name = Debug;
		};
		E3C1D3A81A093BDD00A60692 /* Release */ = {
			isa = XCBuildConfiguration;
			buildSettings = {
				BUNDLE_LOADER = "$(TEST_HOST)";
				FRAMEWORK_SEARCH_PATHS = (
					"$(SDKROOT)/Developer/Library/Frameworks",
					"$(inherited)",
				);
				INFOPLIST_FILE = NNZTests/Info.plist;
				LD_RUNPATH_SEARCH_PATHS = "$(inherited) @executable_path/Frameworks @loader_path/Frameworks";
				PRODUCT_NAME = "$(TARGET_NAME)";
				TEST_HOST = "$(BUILT_PRODUCTS_DIR)/NNZ.app/NNZ";
			};
			name = Release;
		};
/* End XCBuildConfiguration section */

/* Begin XCConfigurationList section */
		E3C1D3781A093BDD00A60692 /* Build configuration list for PBXProject "NNZ" */ = {
			isa = XCConfigurationList;
			buildConfigurations = (
				E3C1D3A11A093BDD00A60692 /* Debug */,
				E3C1D3A21A093BDD00A60692 /* Release */,
			);
			defaultConfigurationIsVisible = 0;
			defaultConfigurationName = Release;
		};
		E3C1D3A31A093BDD00A60692 /* Build configuration list for PBXNativeTarget "NNZ" */ = {
			isa = XCConfigurationList;
			buildConfigurations = (
				E3C1D3A41A093BDD00A60692 /* Debug */,
				E3C1D3A51A093BDD00A60692 /* Release */,
			);
			defaultConfigurationIsVisible = 0;
			defaultConfigurationName = Release;
		};
		E3C1D3A61A093BDD00A60692 /* Build configuration list for PBXNativeTarget "NNZTests" */ = {
			isa = XCConfigurationList;
			buildConfigurations = (
				E3C1D3A71A093BDD00A60692 /* Debug */,
				E3C1D3A81A093BDD00A60692 /* Release */,
			);
			defaultConfigurationIsVisible = 0;
			defaultConfigurationName = Release;
		};
/* End XCConfigurationList section */

/* Begin XCVersionGroup section */
		E3C1D3871A093BDD00A60692 /* NNZ.xcdatamodeld */ = {
			isa = XCVersionGroup;
			children = (
				E3C1D3881A093BDD00A60692 /* NNZ.xcdatamodel */,
			);
			currentVersion = E3C1D3881A093BDD00A60692 /* NNZ.xcdatamodel */;
			path = NNZ.xcdatamodeld;
			sourceTree = "<group>";
			versionGroupType = wrapper.xcdatamodel;
		};
/* End XCVersionGroup section */
	};
	rootObject = E3C1D3751A093BDD00A60692 /* Project object */;
}
